
Microsoft Visual Studio Solution File, Format Version 12.00
# Visual Studio Version 17
VisualStudioVersion = 17.9.34616.47
MinimumVisualStudioVersion = 10.0.40219.1
Project("{FAE04EC0-301F-11D3-BF4B-00C04F79EFBC}") = "LogerSystemTask", "LogerSystemTask.csproj", "{784EE4E0-ADF1-4E14-9BAC-D859606EA12B}"
EndProject
Project("{FAE04EC0-301F-11D3-BF4B-00C04F79EFBC}") = "DominModels", "..\DominModels\DominModels.csproj", "{8F45D569-E122-4676-A5F9-132185B13F90}"
EndProject
Global
	GlobalSection(SolutionConfigurationPlatforms) = preSolution
		Debug|Any CPU = Debug|Any CPU
		Release|Any CPU = Release|Any CPU
	EndGlobalSection
	GlobalSection(ProjectConfigurationPlatforms) = postSolution
		{784EE4E0-ADF1-4E14-9BAC-D859606EA12B}.Debug|Any CPU.ActiveCfg = Debug|Any CPU
		{784EE4E0-ADF1-4E14-9BAC-D859606EA12B}.Debug|Any CPU.Build.0 = Debug|Any CPU
		{784EE4E0-ADF1-4E14-9BAC-D859606EA12B}.Release|Any CPU.ActiveCfg = Release|Any CPU
		{784EE4E0-ADF1-4E14-9BAC-D859606EA12B}.Release|Any CPU.Build.0 = Release|Any CPU
		{8F45D569-E122-4676-A5F9-132185B13F90}.Debug|Any CPU.ActiveCfg = Debug|Any CPU
		{8F45D569-E122-4676-A5F9-132185B13F90}.Debug|Any CPU.Build.0 = Debug|Any CPU
		{8F45D569-E122-4676-A5F9-132185B13F90}.Release|Any CPU.ActiveCfg = Release|Any CPU
		{8F45D569-E122-4676-A5F9-132185B13F90}.Release|Any CPU.Build.0 = Release|Any CPU
	EndGlobalSection
	GlobalSection(SolutionProperties) = preSolution
		HideSolutionNode = FALSE
	EndGlobalSection
	GlobalSection(ExtensibilityGlobals) = postSolution
		SolutionGuid = {0A3925F4-FC50-4BDF-80F9-EFC31CEFC44D}
	EndGlobalSection
EndGlobal
